{
  "name": "@tombi-toml/cli",
  "version": "0.0.0-dev",
  "lockfileVersion": 3,
  "requires": true,
  "packages": {
    "": {
      "name": "@tombi-toml/cli",
      "version": "0.0.0-dev",
      "license": "MIT",
      "bin": {
        "tombi": "bin/tombi"
      },
      "engines": {
        "node": ">=14.0.0"
      },
      "optionalDependencies": {
        "@tombi-toml/cli-darwin-arm64": "0.0.0-dev",
        "@tombi-toml/cli-darwin-x64": "0.0.0-dev",
        "@tombi-toml/cli-linux-arm64": "0.0.0-dev",
        "@tombi-toml/cli-linux-arm64-musl": "0.0.0-dev",
        "@tombi-toml/cli-linux-x64": "0.0.0-dev",
        "@tombi-toml/cli-linux-x64-musl": "0.0.0-dev",
        "@tombi-toml/cli-sunos-x64": "0.0.0-dev",
        "@tombi-toml/cli-win32-arm64": "0.0.0-dev",
        "@tombi-toml/cli-win32-x64": "0.0.0-dev"
      }
    },
    "node_modules/@tombi-toml/cli-darwin-arm64": {
      "version": "0.0.0-dev",
      "resolved": "https://registry.npmjs.org/@tombi-toml/cli-darwin-arm64/-/cli-darwin-arm64-0.0.0-dev.tgz",
      "integrity": "sha512-sFVdDIZw3ROLelTgGrwbXwgXcch3Tn5tSY6foVd86hPx94MpjeywMzMI2YpbwS52sz/GgiHWPtb1lbKBHIRpUA==",
      "cpu": [
        "arm64"
      ],
      "license": "MIT",
      "optional": true,
      "os": [
        "darwin"
      ],
      "engines": {
        "node": ">=14.0.0"
      }
    },
    "node_modules/@tombi-toml/cli-darwin-x64": {
      "version": "0.0.0-dev",
      "resolved": "https://registry.npmjs.org/@tombi-toml/cli-darwin-x64/-/cli-darwin-x64-0.0.0-dev.tgz",
      "integrity": "sha512-DFPIGgA9FzZZMhiqeq8tyJugCrAecxGUGd5yqGh/4r9+gyFubCUGA5DZP7tYsCGS7kDFLlpgUM94npmSyy6Vgg==",
      "cpu": [
        "x64"
      ],
      "license": "MIT",
      "optional": true,
      "os": [
        "darwin"
      ],
      "engines": {
        "node": ">=14.0.0"
      }
    },
    "node_modules/@tombi-toml/cli-linux-arm64": {
      "version": "0.0.0-dev",
      "resolved": "https://registry.npmjs.org/@tombi-toml/cli-linux-arm64/-/cli-linux-arm64-0.0.0-dev.tgz",
      "integrity": "sha512-LOKBBRMRqTLqIzNZczB3aikaJdmrWHxBctKrCmIP+Rtyc7a6B72IeTewKLIAUaBEWmdhZl81GZa1/UzKsg/Khw==",
      "cpu": [
        "arm64"
      ],
      "license": "MIT",
      "optional": true,
      "os": [
        "linux"
      ],
      "engines": {
        "node": ">=14.0.0"
      }
    },
    "node_modules/@tombi-toml/cli-linux-arm64-musl": {
      "version": "0.0.0-dev",
      "resolved": "https://registry.npmjs.org/@tombi-toml/cli-linux-arm64-musl/-/cli-linux-arm64-musl-0.0.0-dev.tgz",
      "integrity": "sha512-x0gRNY0c7diCWNIqaPOj1Nab/DOFRsyj2tncx8nmgT9VifTlcAvoPHDYV8kwsl1nMoOOzoq6pjfZDSFruHRC0g==",
      "cpu": [
        "arm64"
      ],
      "license": "MIT",
      "optional": true,
      "os": [
        "linux"
      ],
      "engines": {
        "node": ">=14.0.0"
      }
    },
    "node_modules/@tombi-toml/cli-linux-x64": {
      "version": "0.0.0-dev",
      "resolved": "https://registry.npmjs.org/@tombi-toml/cli-linux-x64/-/cli-linux-x64-0.0.0-dev.tgz",
      "integrity": "sha512-D4a+dh3nl+xbHnIb4dXQ1r0XL2qqugxCIVXdjAQk8dtJ72FProhHsAgRmhyv37gf6kMod4y+3NuwM7IIWn5U+g==",
      "cpu": [
        "x64"
      ],
      "license": "MIT",
      "optional": true,
      "os": [
        "linux"
      ],
      "engines": {
        "node": ">=14.0.0"
      }
    },
    "node_modules/@tombi-toml/cli-linux-x64-musl": {
      "version": "0.0.0-dev",
      "resolved": "https://registry.npmjs.org/@tombi-toml/cli-linux-x64-musl/-/cli-linux-x64-musl-0.0.0-dev.tgz",
      "integrity": "sha512-qg/qF6+98s4gLrj1FVzUx6Xca0mRT7IiE7S5ryp12LwPClvXRVHMg31vfnNcpPfAySWOh+kYjse7Z8s0v4xzNg==",
      "cpu": [
        "x64"
      ],
      "license": "MIT",
      "optional": true,
      "os": [
        "linux"
      ],
      "engines": {
        "node": ">=14.0.0"
      }
    },
    "node_modules/@tombi-toml/cli-sunos-x64": {
      "optional": true
    },
    "node_modules/@tombi-toml/cli-win32-arm64": {
      "version": "0.0.0-dev",
      "resolved": "https://registry.npmjs.org/@tombi-toml/cli-win32-arm64/-/cli-win32-arm64-0.0.0-dev.tgz",
      "integrity": "sha512-d0Fr4C40WFZUFeUOT4xcVqQNwko+F+WEvTGfsw9OOhxA1RwNq/pZ2/H0wL9NM8cmNIq00jhoDklDaPNzTWglFQ==",
      "cpu": [
        "arm64"
      ],
      "license": "MIT",
      "optional": true,
      "os": [
        "win32"
      ],
      "engines": {
        "node": ">=14.0.0"
      }
    },
    "node_modules/@tombi-toml/cli-win32-x64": {
      "version": "0.0.0-dev",
      "resolved": "https://registry.npmjs.org/@tombi-toml/cli-win32-x64/-/cli-win32-x64-0.0.0-dev.tgz",
      "integrity": "sha512-851J/tumCwQepXQTR+HjIVya7w0eqzQLTqCFrhSzLnsDk0kmvzhhdh7bdmU3mhfL8O4f+b+ql8tHRZzFwdbDHQ==",
      "cpu": [
        "x64"
      ],
      "license": "MIT",
      "optional": true,
      "os": [
        "win32"
      ],
      "engines": {
        "node": ">=14.0.0"
      }
    }
  }
}
